
Microsoft Visual Studio Solution File, Format Version 12.00
# Visual Studio Version 16
VisualStudioVersion = 16.0.30611.23
MinimumVisualStudioVersion = 10.0.40219.1
Project("{FAE04EC0-301F-11D3-BF4B-00C04F79EFBC}") = "TestDesigner", "TestDesigner\TestDesigner.csproj", "{BD744B36-87B9-452B-8E17-59F38A1F4A97}"
EndProject
Project("{FAE04EC0-301F-11D3-BF4B-00C04F79EFBC}") = "TestLibrary", "TestLibrary\TestLibrary.csproj", "{ABFA5365-85F1-4D12-9AD8-BDC72510F9DC}"
EndProject
Project("{FAE04EC0-301F-11D3-BF4B-00C04F79EFBC}") = "Server_Designer", "Server_Designer\Server_Designer.csproj", "{23EF7869-39BF-4E42-974F-F5A6CEA293CF}"
EndProject
Project("{FAE04EC0-301F-11D3-BF4B-00C04F79EFBC}") = "Base_MVVM", "Base_MVVM\Base_MVVM.csproj", "{CBA1699B-9CF9-4C5B-BD69-05FBCF0C3B03}"
EndProject
Project("{FAE04EC0-301F-11D3-BF4B-00C04F79EFBC}") = "Client_Testing", "Client_Testing\Client_Testing.csproj", "{538F2B7F-A82D-4DB2-9641-57B0E58D2A25}"
EndProject
Global
	GlobalSection(SolutionConfigurationPlatforms) = preSolution
		Debug|Any CPU = Debug|Any CPU
		Release|Any CPU = Release|Any CPU
	EndGlobalSection
	GlobalSection(ProjectConfigurationPlatforms) = postSolution
		{BD744B36-87B9-452B-8E17-59F38A1F4A97}.Debug|Any CPU.ActiveCfg = Debug|Any CPU
		{BD744B36-87B9-452B-8E17-59F38A1F4A97}.Debug|Any CPU.Build.0 = Debug|Any CPU
		{BD744B36-87B9-452B-8E17-59F38A1F4A97}.Release|Any CPU.ActiveCfg = Release|Any CPU
		{BD744B36-87B9-452B-8E17-59F38A1F4A97}.Release|Any CPU.Build.0 = Release|Any CPU
		{ABFA5365-85F1-4D12-9AD8-BDC72510F9DC}.Debug|Any CPU.ActiveCfg = Debug|Any CPU
		{ABFA5365-85F1-4D12-9AD8-BDC72510F9DC}.Debug|Any CPU.Build.0 = Debug|Any CPU
		{ABFA5365-85F1-4D12-9AD8-BDC72510F9DC}.Release|Any CPU.ActiveCfg = Release|Any CPU
		{ABFA5365-85F1-4D12-9AD8-BDC72510F9DC}.Release|Any CPU.Build.0 = Release|Any CPU
		{23EF7869-39BF-4E42-974F-F5A6CEA293CF}.Debug|Any CPU.ActiveCfg = Debug|Any CPU
		{23EF7869-39BF-4E42-974F-F5A6CEA293CF}.Debug|Any CPU.Build.0 = Debug|Any CPU
		{23EF7869-39BF-4E42-974F-F5A6CEA293CF}.Release|Any CPU.ActiveCfg = Release|Any CPU
		{23EF7869-39BF-4E42-974F-F5A6CEA293CF}.Release|Any CPU.Build.0 = Release|Any CPU
		{CBA1699B-9CF9-4C5B-BD69-05FBCF0C3B03}.Debug|Any CPU.ActiveCfg = Debug|Any CPU
		{CBA1699B-9CF9-4C5B-BD69-05FBCF0C3B03}.Debug|Any CPU.Build.0 = Debug|Any CPU
		{CBA1699B-9CF9-4C5B-BD69-05FBCF0C3B03}.Release|Any CPU.ActiveCfg = Release|Any CPU
		{CBA1699B-9CF9-4C5B-BD69-05FBCF0C3B03}.Release|Any CPU.Build.0 = Release|Any CPU
		{538F2B7F-A82D-4DB2-9641-57B0E58D2A25}.Debug|Any CPU.ActiveCfg = Debug|Any CPU
		{538F2B7F-A82D-4DB2-9641-57B0E58D2A25}.Debug|Any CPU.Build.0 = Debug|Any CPU
		{538F2B7F-A82D-4DB2-9641-57B0E58D2A25}.Release|Any CPU.ActiveCfg = Release|Any CPU
		{538F2B7F-A82D-4DB2-9641-57B0E58D2A25}.Release|Any CPU.Build.0 = Release|Any CPU
	EndGlobalSection
	GlobalSection(SolutionProperties) = preSolution
		HideSolutionNode = FALSE
	EndGlobalSection
	GlobalSection(ExtensibilityGlobals) = postSolution
		SolutionGuid = {8A3C2A6E-A4EB-44F2-8E7C-A37418F67F13}
	EndGlobalSection
EndGlobal
